
Microsoft Visual Studio Solution File, Format Version 12.00
# Visual Studio 15
VisualStudioVersion = 15.0.27703.2035
MinimumVisualStudioVersion = 10.0.40219.1
Project("{FAE04EC0-301F-11D3-BF4B-00C04F79EFBC}") = "CIS615", "WindowsFormsApp2\CIS615.csproj", "{637B2A40-6571-495B-B0E9-E6CB67038FD5}"
EndProject
Global
	GlobalSection(SolutionConfigurationPlatforms) = preSolution
		Debug|Any CPU = Debug|Any CPU
		Release|Any CPU = Release|Any CPU
	EndGlobalSection
	GlobalSection(ProjectConfigurationPlatforms) = postSolution
		{637B2A40-6571-495B-B0E9-E6CB67038FD5}.Debug|Any CPU.ActiveCfg = Debug|Any CPU
		{637B2A40-6571-495B-B0E9-E6CB67038FD5}.Debug|Any CPU.Build.0 = Debug|Any CPU
		{637B2A40-6571-495B-B0E9-E6CB67038FD5}.Release|Any CPU.ActiveCfg = Release|Any CPU
		{637B2A40-6571-495B-B0E9-E6CB67038FD5}.Release|Any CPU.Build.0 = Release|Any CPU
	EndGlobalSection
	GlobalSection(SolutionProperties) = preSolution
		HideSolutionNode = FALSE
	EndGlobalSection
	GlobalSection(ExtensibilityGlobals) = postSolution
		SolutionGuid = {7E6A5AE1-8127-40E1-BD9E-DC9503616BFF}
	EndGlobalSection
EndGlobal
